// !$*UTF8*$!
{
	archiveVersion = 1;
	classes = {
	};
	objectVersion = 48;
	objects = {

/* Begin PBXBuildFile section */
		8EDAFF11DCBC6A0463C34C49 /* Pods_BrazeFactualEngineDemo.framework in Frameworks */ = {isa = PBXBuildFile; fileRef = E846BC4DF213C7D0B7A19EC7 /* Pods_BrazeFactualEngineDemo.framework */; };
		F655DD5B20508ACB00BCC6D8 /* AppDelegate.m in Sources */ = {isa = PBXBuildFile; fileRef = F655DD5A20508ACB00BCC6D8 /* AppDelegate.m */; };
		F655DD5E20508ACB00BCC6D8 /* ViewController.m in Sources */ = {isa = PBXBuildFile; fileRef = F655DD5D20508ACB00BCC6D8 /* ViewController.m */; };
		F655DD6120508ACB00BCC6D8 /* Main.storyboard in Resources */ = {isa = PBXBuildFile; fileRef = F655DD5F20508ACB00BCC6D8 /* Main.storyboard */; };
		F655DD6320508ACB00BCC6D8 /* Assets.xcassets in Resources */ = {isa = PBXBuildFile; fileRef = F655DD6220508ACB00BCC6D8 /* Assets.xcassets */; };
		F655DD6620508ACB00BCC6D8 /* LaunchScreen.storyboard in Resources */ = {isa = PBXBuildFile; fileRef = F655DD6420508ACB00BCC6D8 /* LaunchScreen.storyboard */; };
		F655DD6920508ACB00BCC6D8 /* main.m in Sources */ = {isa = PBXBuildFile; fileRef = F655DD6820508ACB00BCC6D8 /* main.m */; };
		F6F37C6C2051C40C00E8D11A /* Configuration.m in Sources */ = {isa = PBXBuildFile; fileRef = F6F37C6B2051C40C00E8D11A /* Configuration.m */; };
/* End PBXBuildFile section */

/* Begin PBXFileReference section */
		081179F51B793F5BB94FA347 /* Pods-BrazeFactualEngineDemo.release.xcconfig */ = {isa = PBXFileReference; includeInIndex = 1; lastKnownFileType = text.xcconfig; name = "Pods-BrazeFactualEngineDemo.release.xcconfig"; path = "Pods/Target Support Files/Pods-BrazeFactualEngineDemo/Pods-BrazeFactualEngineDemo.release.xcconfig"; sourceTree = "<group>"; };
		38DB5A93357E528625029F49 /* Pods-BrazeFactualEngineDemo.debug.xcconfig */ = {isa = PBXFileReference; includeInIndex = 1; lastKnownFileType = text.xcconfig; name = "Pods-BrazeFactualEngineDemo.debug.xcconfig"; path = "Pods/Target Support Files/Pods-BrazeFactualEngineDemo/Pods-BrazeFactualEngineDemo.debug.xcconfig"; sourceTree = "<group>"; };
		E846BC4DF213C7D0B7A19EC7 /* Pods_BrazeFactualEngineDemo.framework */ = {isa = PBXFileReference; explicitFileType = wrapper.framework; includeInIndex = 0; path = Pods_BrazeFactualEngineDemo.framework; sourceTree = BUILT_PRODUCTS_DIR; };
		F655DD5620508ACB00BCC6D8 /* BrazeFactualEngineDemo.app */ = {isa = PBXFileReference; explicitFileType = wrapper.application; includeInIndex = 0; path = BrazeFactualEngineDemo.app; sourceTree = BUILT_PRODUCTS_DIR; };
		F655DD5920508ACB00BCC6D8 /* AppDelegate.h */ = {isa = PBXFileReference; lastKnownFileType = sourcecode.c.h; path = AppDelegate.h; sourceTree = "<group>"; };
		F655DD5A20508ACB00BCC6D8 /* AppDelegate.m */ = {isa = PBXFileReference; lastKnownFileType = sourcecode.c.objc; path = AppDelegate.m; sourceTree = "<group>"; };
		F655DD5C20508ACB00BCC6D8 /* ViewController.h */ = {isa = PBXFileReference; lastKnownFileType = sourcecode.c.h; path = ViewController.h; sourceTree = "<group>"; };
		F655DD5D20508ACB00BCC6D8 /* ViewController.m */ = {isa = PBXFileReference; lastKnownFileType = sourcecode.c.objc; path = ViewController.m; sourceTree = "<group>"; };
		F655DD6020508ACB00BCC6D8 /* Base */ = {isa = PBXFileReference; lastKnownFileType = file.storyboard; name = Base; path = Base.lproj/Main.storyboard; sourceTree = "<group>"; };
		F655DD6220508ACB00BCC6D8 /* Assets.xcassets */ = {isa = PBXFileReference; lastKnownFileType = folder.assetcatalog; path = Assets.xcassets; sourceTree = "<group>"; };
		F655DD6520508ACB00BCC6D8 /* Base */ = {isa = PBXFileReference; lastKnownFileType = file.storyboard; name = Base; path = Base.lproj/LaunchScreen.storyboard; sourceTree = "<group>"; };
		F655DD6720508ACB00BCC6D8 /* Info.plist */ = {isa = PBXFileReference; lastKnownFileType = text.plist.xml; path = Info.plist; sourceTree = "<group>"; };
		F655DD6820508ACB00BCC6D8 /* main.m */ = {isa = PBXFileReference; lastKnownFileType = sourcecode.c.objc; path = main.m; sourceTree = "<group>"; };
		F6F37C6A2051C39E00E8D11A /* Configuration.h */ = {isa = PBXFileReference; lastKnownFileType = sourcecode.c.h; path = Configuration.h; sourceTree = "<group>"; };
		F6F37C6B2051C40C00E8D11A /* Configuration.m */ = {isa = PBXFileReference; lastKnownFileType = sourcecode.c.objc; path = Configuration.m; sourceTree = "<group>"; };
/* End PBXFileReference section */

/* Begin PBXFrameworksBuildPhase section */
		F655DD5320508ACB00BCC6D8 /* Frameworks */ = {
			isa = PBXFrameworksBuildPhase;
			buildActionMask = 2147483647;
			files = (
				8EDAFF11DCBC6A0463C34C49 /* Pods_BrazeFactualEngineDemo.framework in Frameworks */,
			);
			runOnlyForDeploymentPostprocessing = 0;
		};
/* End PBXFrameworksBuildPhase section */

/* Begin PBXGroup section */
		02A67BFE0C138FBF3BCDC45C /* Pods */ = {
			isa = PBXGroup;
			children = (
				38DB5A93357E528625029F49 /* Pods-BrazeFactualEngineDemo.debug.xcconfig */,
				081179F51B793F5BB94FA347 /* Pods-BrazeFactualEngineDemo.release.xcconfig */,
			);
			name = Pods;
			sourceTree = "<group>";
		};
		550A9EBB22D9353F690ACA7E /* Frameworks */ = {
			isa = PBXGroup;
			children = (
				E846BC4DF213C7D0B7A19EC7 /* Pods_BrazeFactualEngineDemo.framework */,
			);
			name = Frameworks;
			sourceTree = "<group>";
		};
		F655DD4D20508ACB00BCC6D8 = {
			isa = PBXGroup;
			children = (
				F655DD5820508ACB00BCC6D8 /* BrazeFactualEngineDemo */,
				F655DD5720508ACB00BCC6D8 /* Products */,
				02A67BFE0C138FBF3BCDC45C /* Pods */,
				550A9EBB22D9353F690ACA7E /* Frameworks */,
			);
			sourceTree = "<group>";
		};
		F655DD5720508ACB00BCC6D8 /* Products */ = {
			isa = PBXGroup;
			children = (
				F655DD5620508ACB00BCC6D8 /* BrazeFactualEngineDemo.app */,
			);
			name = Products;
			sourceTree = "<group>";
		};
		F655DD5820508ACB00BCC6D8 /* BrazeFactualEngineDemo */ = {
			isa = PBXGroup;
			children = (
				F655DD5920508ACB00BCC6D8 /* AppDelegate.h */,
				F655DD5A20508ACB00BCC6D8 /* AppDelegate.m */,
				F655DD5C20508ACB00BCC6D8 /* ViewController.h */,
				F655DD5D20508ACB00BCC6D8 /* ViewController.m */,
				F655DD5F20508ACB00BCC6D8 /* Main.storyboard */,
				F655DD6220508ACB00BCC6D8 /* Assets.xcassets */,
				F655DD6420508ACB00BCC6D8 /* LaunchScreen.storyboard */,
				F655DD6720508ACB00BCC6D8 /* Info.plist */,
				F655DD6820508ACB00BCC6D8 /* main.m */,
				F6F37C6A2051C39E00E8D11A /* Configuration.h */,
				F6F37C6B2051C40C00E8D11A /* Configuration.m */,
			);
			path = BrazeFactualEngineDemo;
			sourceTree = "<group>";
		};
/* End PBXGroup section */

/* Begin PBXNativeTarget section */
		F655DD5520508ACB00BCC6D8 /* BrazeFactualEngineDemo */ = {
			isa = PBXNativeTarget;
			buildConfigurationList = F655DD6C20508ACB00BCC6D8 /* Build configuration list for PBXNativeTarget "BrazeFactualEngineDemo" */;
			buildPhases = (
				3BDE04BC93D058D96B7934DA /* [CP] Check Pods Manifest.lock */,
				F655DD5220508ACB00BCC6D8 /* Sources */,
				F655DD5320508ACB00BCC6D8 /* Frameworks */,
				F655DD5420508ACB00BCC6D8 /* Resources */,
				F2A9E20A3B66A51FCD272AA7 /* [CP] Embed Pods Frameworks */,
				C0491030F6E5D5FD79345339 /* [CP] Copy Pods Resources */,
			);
			buildRules = (
			);
			dependencies = (
			);
			name = BrazeFactualEngineDemo;
			productName = BrazeFactualEngineDemo;
			productReference = F655DD5620508ACB00BCC6D8 /* BrazeFactualEngineDemo.app */;
			productType = "com.apple.product-type.application";
		};
/* End PBXNativeTarget section */

/* Begin PBXProject section */
		F655DD4E20508ACB00BCC6D8 /* Project object */ = {
			isa = PBXProject;
			attributes = {
				LastUpgradeCheck = 0920;
				ORGANIZATIONNAME = "Factual Inc.";
				TargetAttributes = {
					F655DD5520508ACB00BCC6D8 = {
						CreatedOnToolsVersion = 9.2;
						ProvisioningStyle = Automatic;
					};
				};
			};
			buildConfigurationList = F655DD5120508ACB00BCC6D8 /* Build configuration list for PBXProject "BrazeFactualEngineDemo" */;
			compatibilityVersion = "Xcode 8.0";
			developmentRegion = en;
			hasScannedForEncodings = 0;
			knownRegions = (
				en,
				Base,
			);
			mainGroup = F655DD4D20508ACB00BCC6D8;
			productRefGroup = F655DD5720508ACB00BCC6D8 /* Products */;
			projectDirPath = "";
			projectRoot = "";
			targets = (
				F655DD5520508ACB00BCC6D8 /* BrazeFactualEngineDemo */,
			);
		};
/* End PBXProject section */

/* Begin PBXResourcesBuildPhase section */
		F655DD5420508ACB00BCC6D8 /* Resources */ = {
			isa = PBXResourcesBuildPhase;
			buildActionMask = 2147483647;
			files = (
				F655DD6620508ACB00BCC6D8 /* LaunchScreen.storyboard in Resources */,
				F655DD6320508ACB00BCC6D8 /* Assets.xcassets in Resources */,
				F655DD6120508ACB00BCC6D8 /* Main.storyboard in Resources */,
			);
			runOnlyForDeploymentPostprocessing = 0;
		};
/* End PBXResourcesBuildPhase section */

/* Begin PBXShellScriptBuildPhase section */
		3BDE04BC93D058D96B7934DA /* [CP] Check Pods Manifest.lock */ = {
			isa = PBXShellScriptBuildPhase;
			buildActionMask = 2147483647;
			files = (
			);
			inputPaths = (
				"${PODS_PODFILE_DIR_PATH}/Podfile.lock",
				"${PODS_ROOT}/Manifest.lock",
			);
			name = "[CP] Check Pods Manifest.lock";
			outputPaths = (
				"$(DERIVED_FILE_DIR)/Pods-BrazeFactualEngineDemo-checkManifestLockResult.txt",
			);
			runOnlyForDeploymentPostprocessing = 0;
			shellPath = /bin/sh;
			shellScript = "diff \"${PODS_PODFILE_DIR_PATH}/Podfile.lock\" \"${PODS_ROOT}/Manifest.lock\" > /dev/null\nif [ $? != 0 ] ; then\n    # print error to STDERR\n    echo \"error: The sandbox is not in sync with the Podfile.lock. Run 'pod install' or update your CocoaPods installation.\" >&2\n    exit 1\nfi\n# This output is used by Xcode 'outputs' to avoid re-running this script phase.\necho \"SUCCESS\" > \"${SCRIPT_OUTPUT_FILE_0}\"\n";
			showEnvVarsInLog = 0;
		};
		C0491030F6E5D5FD79345339 /* [CP] Copy Pods Resources */ = {
			isa = PBXShellScriptBuildPhase;
			buildActionMask = 2147483647;
			files = (
			);
			inputPaths = (
			);
			name = "[CP] Copy Pods Resources";
			outputPaths = (
			);
			runOnlyForDeploymentPostprocessing = 0;
			shellPath = /bin/sh;
			shellScript = "\"${SRCROOT}/Pods/Target Support Files/Pods-BrazeFactualEngineDemo/Pods-BrazeFactualEngineDemo-resources.sh\"\n";
			showEnvVarsInLog = 0;
		};
		F2A9E20A3B66A51FCD272AA7 /* [CP] Embed Pods Frameworks */ = {
			isa = PBXShellScriptBuildPhase;
			buildActionMask = 2147483647;
			files = (
			);
			inputPaths = (
				"${SRCROOT}/Pods/Target Support Files/Pods-BrazeFactualEngineDemo/Pods-BrazeFactualEngineDemo-frameworks.sh",
				"${BUILT_PRODUCTS_DIR}/Appboy-iOS-SDK/Appboy_iOS_SDK.framework",
				"${BUILT_PRODUCTS_DIR}/BButton/BButton.framework",
				"${BUILT_PRODUCTS_DIR}/FLAnimatedImage/FLAnimatedImage.framework",
				"${BUILT_PRODUCTS_DIR}/SDWebImage/SDWebImage.framework",
			);
			name = "[CP] Embed Pods Frameworks";
			outputPaths = (
				"${TARGET_BUILD_DIR}/${FRAMEWORKS_FOLDER_PATH}/Appboy_iOS_SDK.framework",
				"${TARGET_BUILD_DIR}/${FRAMEWORKS_FOLDER_PATH}/BButton.framework",
				"${TARGET_BUILD_DIR}/${FRAMEWORKS_FOLDER_PATH}/FLAnimatedImage.framework",
				"${TARGET_BUILD_DIR}/${FRAMEWORKS_FOLDER_PATH}/SDWebImage.framework",
			);
			runOnlyForDeploymentPostprocessing = 0;
			shellPath = /bin/sh;
			shellScript = "\"${SRCROOT}/Pods/Target Support Files/Pods-BrazeFactualEngineDemo/Pods-BrazeFactualEngineDemo-frameworks.sh\"\n";
			showEnvVarsInLog = 0;
		};
/* End PBXShellScriptBuildPhase section */

/* Begin PBXSourcesBuildPhase section */
		F655DD5220508ACB00BCC6D8 /* Sources */ = {
			isa = PBXSourcesBuildPhase;
			buildActionMask = 2147483647;
			files = (
				F655DD5E20508ACB00BCC6D8 /* ViewController.m in Sources */,
				F655DD6920508ACB00BCC6D8 /* main.m in Sources */,
				F6F37C6C2051C40C00E8D11A /* Configuration.m in Sources */,
				F655DD5B20508ACB00BCC6D8 /* AppDelegate.m in Sources */,
			);
			runOnlyForDeploymentPostprocessing = 0;
		};
/* End PBXSourcesBuildPhase section */

/* Begin PBXVariantGroup section */
		F655DD5F20508ACB00BCC6D8 /* Main.storyboard */ = {
			isa = PBXVariantGroup;
			children = (
				F655DD6020508ACB00BCC6D8 /* Base */,
			);
			name = Main.storyboard;
			sourceTree = "<group>";
		};
		F655DD6420508ACB00BCC6D8 /* LaunchScreen.storyboard */ = {
			isa = PBXVariantGroup;
			children = (
				F655DD6520508ACB00BCC6D8 /* Base */,
			);
			name = LaunchScreen.storyboard;
			sourceTree = "<group>";
		};
/* End PBXVariantGroup section */

/* Begin XCBuildConfiguration section */
		F655DD6A20508ACB00BCC6D8 /* Debug */ = {
			isa = XCBuildConfiguration;
			buildSettings = {
				ALWAYS_SEARCH_USER_PATHS = NO;
				CLANG_ANALYZER_NONNULL = YES;
				CLANG_ANALYZER_NUMBER_OBJECT_CONVERSION = YES_AGGRESSIVE;
				CLANG_CXX_LANGUAGE_STANDARD = "gnu++14";
				CLANG_CXX_LIBRARY = "libc++";
				CLANG_ENABLE_MODULES = YES;
				CLANG_ENABLE_OBJC_ARC = YES;
				CLANG_WARN_BLOCK_CAPTURE_AUTORELEASING = YES;
				CLANG_WARN_BOOL_CONVERSION = YES;
				CLANG_WARN_COMMA = YES;
				CLANG_WARN_CONSTANT_CONVERSION = YES;
				CLANG_WARN_DIRECT_OBJC_ISA_USAGE = YES_ERROR;
				CLANG_WARN_DOCUMENTATION_COMMENTS = YES;
				CLANG_WARN_EMPTY_BODY = YES;
				CLANG_WARN_ENUM_CONVERSION = YES;
				CLANG_WARN_INFINITE_RECURSION = YES;
				CLANG_WARN_INT_CONVERSION = YES;
				CLANG_WARN_NON_LITERAL_NULL_CONVERSION = YES;
				CLANG_WARN_OBJC_LITERAL_CONVERSION = YES;
				CLANG_WARN_OBJC_ROOT_CLASS = YES_ERROR;
				CLANG_WARN_RANGE_LOOP_ANALYSIS = YES;
				CLANG_WARN_STRICT_PROTOTYPES = YES;
				CLANG_WARN_SUSPICIOUS_MOVE = YES;
				CLANG_WARN_UNGUARDED_AVAILABILITY = YES_AGGRESSIVE;
				CLANG_WARN_UNREACHABLE_CODE = YES;
				CLANG_WARN__DUPLICATE_METHOD_MATCH = YES;
				CODE_SIGN_IDENTITY = "iPhone Developer";
				COPY_PHASE_STRIP = NO;
				DEBUG_INFORMATION_FORMAT = dwarf;
				ENABLE_STRICT_OBJC_MSGSEND = YES;
				ENABLE_TESTABILITY = YES;
				GCC_C_LANGUAGE_STANDARD = gnu11;
				GCC_DYNAMIC_NO_PIC = NO;
				GCC_NO_COMMON_BLOCKS = YES;
				GCC_OPTIMIZATION_LEVEL = 0;
				GCC_PREPROCESSOR_DEFINITIONS = (
					"DEBUG=1",
					"$(inherited)",
				);
				GCC_WARN_64_TO_32_BIT_CONVERSION = YES;
				GCC_WARN_ABOUT_RETURN_TYPE = YES_ERROR;
				GCC_WARN_UNDECLARED_SELECTOR = YES;
				GCC_WARN_UNINITIALIZED_AUTOS = YES_AGGRESSIVE;
				GCC_WARN_UNUSED_FUNCTION = YES;
				GCC_WARN_UNUSED_VARIABLE = YES;
				IPHONEOS_DEPLOYMENT_TARGET = 11.2;
				MTL_ENABLE_DEBUG_INFO = YES;
				ONLY_ACTIVE_ARCH = YES;
				SDKROOT = iphoneos;
			};
			name = Debug;
		};
		F655DD6B20508ACB00BCC6D8 /* Release */ = {
			isa = XCBuildConfiguration;
			buildSettings = {
				ALWAYS_SEARCH_USER_PATHS = NO;
				CLANG_ANALYZER_NONNULL = YES;
				CLANG_ANALYZER_NUMBER_OBJECT_CONVERSION = YES_AGGRESSIVE;
				CLANG_CXX_LANGUAGE_STANDARD = "gnu++14";
				CLANG_CXX_LIBRARY = "libc++";
				CLANG_ENABLE_MODULES = YES;
				CLANG_ENABLE_OBJC_ARC = YES;
				CLANG_WARN_BLOCK_CAPTURE_AUTORELEASING = YES;
				CLANG_WARN_BOOL_CONVERSION = YES;
				CLANG_WARN_COMMA = YES;
				CLANG_WARN_CONSTANT_CONVERSION = YES;
				CLANG_WARN_DIRECT_OBJC_ISA_USAGE = YES_ERROR;
				CLANG_WARN_DOCUMENTATION_COMMENTS = YES;
				CLANG_WARN_EMPTY_BODY = YES;
				CLANG_WARN_ENUM_CONVERSION = YES;
				CLANG_WARN_INFINITE_RECURSION = YES;
				CLANG_WARN_INT_CONVERSION = YES;
				CLANG_WARN_NON_LITERAL_NULL_CONVERSION = YES;
				CLANG_WARN_OBJC_LITERAL_CONVERSION = YES;
				CLANG_WARN_OBJC_ROOT_CLASS = YES_ERROR;
				CLANG_WARN_RANGE_LOOP_ANALYSIS = YES;
				CLANG_WARN_STRICT_PROTOTYPES = YES;
				CLANG_WARN_SUSPICIOUS_MOVE = YES;
				CLANG_WARN_UNGUARDED_AVAILABILITY = YES_AGGRESSIVE;
				CLANG_WARN_UNREACHABLE_CODE = YES;
				CLANG_WARN__DUPLICATE_METHOD_MATCH = YES;
				CODE_SIGN_IDENTITY = "iPhone Developer";
				COPY_PHASE_STRIP = NO;
				DEBUG_INFORMATION_FORMAT = "dwarf-with-dsym";
				ENABLE_NS_ASSERTIONS = NO;
				ENABLE_STRICT_OBJC_MSGSEND = YES;
				GCC_C_LANGUAGE_STANDARD = gnu11;
				GCC_NO_COMMON_BLOCKS = YES;
				GCC_WARN_64_TO_32_BIT_CONVERSION = YES;
				GCC_WARN_ABOUT_RETURN_TYPE = YES_ERROR;
				GCC_WARN_UNDECLARED_SELECTOR = YES;
				GCC_WARN_UNINITIALIZED_AUTOS = YES_AGGRESSIVE;
				GCC_WARN_UNUSED_FUNCTION = YES;
				GCC_WARN_UNUSED_VARIABLE = YES;
				IPHONEOS_DEPLOYMENT_TARGET = 11.2;
				MTL_ENABLE_DEBUG_INFO = NO;
				SDKROOT = iphoneos;
				VALIDATE_PRODUCT = YES;
			};
			name = Release;
		};
		F655DD6D20508ACB00BCC6D8 /* Debug */ = {
			isa = XCBuildConfiguration;
			baseConfigurationReference = 38DB5A93357E528625029F49 /* Pods-BrazeFactualEngineDemo.debug.xcconfig */;
			buildSettings = {
				ASSETCATALOG_COMPILER_APPICON_NAME = AppIcon;
				CODE_SIGN_STYLE = Automatic;
				DEVELOPMENT_TEAM = GLPE4VU4FY;
				INFOPLIST_FILE = BrazeFactualEngineDemo/Info.plist;
				LD_RUNPATH_SEARCH_PATHS = "$(inherited) @executable_path/Frameworks";
				PRODUCT_BUNDLE_IDENTIFIER = com.factual.engine.BrazeFactualEngineDemo;
				PRODUCT_NAME = "$(TARGET_NAME)";
				TARGETED_DEVICE_FAMILY = "1,2";
			};
			name = Debug;
		};
		F655DD6E20508ACB00BCC6D8 /* Release */ = {
			isa = XCBuildConfiguration;
			baseConfigurationReference = 081179F51B793F5BB94FA347 /* Pods-BrazeFactualEngineDemo.release.xcconfig */;
			buildSettings = {
				ASSETCATALOG_COMPILER_APPICON_NAME = AppIcon;
				CODE_SIGN_STYLE = Automatic;
				DEVELOPMENT_TEAM = GLPE4VU4FY;
				INFOPLIST_FILE = BrazeFactualEngineDemo/Info.plist;
				LD_RUNPATH_SEARCH_PATHS = "$(inherited) @executable_path/Frameworks";
				PRODUCT_BUNDLE_IDENTIFIER = com.factual.engine.BrazeFactualEngineDemo;
				PRODUCT_NAME = "$(TARGET_NAME)";
				TARGETED_DEVICE_FAMILY = "1,2";
			};
			name = Release;
		};
/* End XCBuildConfiguration section */

/* Begin XCConfigurationList section */
		F655DD5120508ACB00BCC6D8 /* Build configuration list for PBXProject "BrazeFactualEngineDemo" */ = {
			isa = XCConfigurationList;
			buildConfigurations = (
				F655DD6A20508ACB00BCC6D8 /* Debug */,
				F655DD6B20508ACB00BCC6D8 /* Release */,
			);
			defaultConfigurationIsVisible = 0;
			defaultConfigurationName = Release;
		};
		F655DD6C20508ACB00BCC6D8 /* Build configuration list for PBXNativeTarget "BrazeFactualEngineDemo" */ = {
			isa = XCConfigurationList;
			buildConfigurations = (
				F655DD6D20508ACB00BCC6D8 /* Debug */,
				F655DD6E20508ACB00BCC6D8 /* Release */,
			);
			defaultConfigurationIsVisible = 0;
			defaultConfigurationName = Release;
		};
/* End XCConfigurationList section */
	};
	rootObject = F655DD4E20508ACB00BCC6D8 /* Project object */;
}
